
Microsoft Visual Studio Solution File, Format Version 12.00
# Visual Studio 15
VisualStudioVersion = 15.0.28010.2046
MinimumVisualStudioVersion = 10.0.40219.1
Project("{9A19103F-16F7-4668-BE54-9A1E7A4F7556}") = "Okta.Authn", "Okta.Authn\Okta.Authn.csproj", "{8425BCFA-EFB1-4EC4-AEBC-6D0A1B200FE3}"
EndProject
Project("{9A19103F-16F7-4668-BE54-9A1E7A4F7556}") = "Okta.Authn.IntegrationTests", "Okta.Authn.IntegrationTests\Okta.Authn.IntegrationTests.csproj", "{76607E7C-B42E-4716-BD75-B93C89D322DA}"
EndProject
Project("{9A19103F-16F7-4668-BE54-9A1E7A4F7556}") = "Okta.Sdk.Abstractions", "Okta.Sdk.Abstractions\Okta.Sdk.Abstractions.csproj", "{55BBE5EC-6D9A-4B4E-888A-424DDAEFE4AA}"
EndProject
Project("{9A19103F-16F7-4668-BE54-9A1E7A4F7556}") = "Okta.Sdk.Abstractions.UnitTests", "Okta.Sdk.Abstractions.UnitTests\Okta.Sdk.Abstractions.UnitTests.csproj", "{5222746D-BA58-4BAB-83F8-28321450784B}"
EndProject
Project("{FAE04EC0-301F-11D3-BF4B-00C04F79EFBC}") = "Okta.Authn.UnitTests", "Okta.Authn.UnitTests\Okta.Authn.UnitTests.csproj", "{3AB60DFE-E604-4276-B422-D6C570B26E01}"
EndProject
Global
	GlobalSection(SolutionConfigurationPlatforms) = preSolution
		Debug|Any CPU = Debug|Any CPU
		Release|Any CPU = Release|Any CPU
	EndGlobalSection
	GlobalSection(ProjectConfigurationPlatforms) = postSolution
		{8425BCFA-EFB1-4EC4-AEBC-6D0A1B200FE3}.Debug|Any CPU.ActiveCfg = Debug|Any CPU
		{8425BCFA-EFB1-4EC4-AEBC-6D0A1B200FE3}.Debug|Any CPU.Build.0 = Debug|Any CPU
		{8425BCFA-EFB1-4EC4-AEBC-6D0A1B200FE3}.Release|Any CPU.ActiveCfg = Release|Any CPU
		{8425BCFA-EFB1-4EC4-AEBC-6D0A1B200FE3}.Release|Any CPU.Build.0 = Release|Any CPU
		{76607E7C-B42E-4716-BD75-B93C89D322DA}.Debug|Any CPU.ActiveCfg = Debug|Any CPU
		{76607E7C-B42E-4716-BD75-B93C89D322DA}.Debug|Any CPU.Build.0 = Debug|Any CPU
		{76607E7C-B42E-4716-BD75-B93C89D322DA}.Release|Any CPU.ActiveCfg = Release|Any CPU
		{76607E7C-B42E-4716-BD75-B93C89D322DA}.Release|Any CPU.Build.0 = Release|Any CPU
		{55BBE5EC-6D9A-4B4E-888A-424DDAEFE4AA}.Debug|Any CPU.ActiveCfg = Debug|Any CPU
		{55BBE5EC-6D9A-4B4E-888A-424DDAEFE4AA}.Debug|Any CPU.Build.0 = Debug|Any CPU
		{55BBE5EC-6D9A-4B4E-888A-424DDAEFE4AA}.Release|Any CPU.ActiveCfg = Release|Any CPU
		{55BBE5EC-6D9A-4B4E-888A-424DDAEFE4AA}.Release|Any CPU.Build.0 = Release|Any CPU
		{5222746D-BA58-4BAB-83F8-28321450784B}.Debug|Any CPU.ActiveCfg = Debug|Any CPU
		{5222746D-BA58-4BAB-83F8-28321450784B}.Debug|Any CPU.Build.0 = Debug|Any CPU
		{5222746D-BA58-4BAB-83F8-28321450784B}.Release|Any CPU.ActiveCfg = Release|Any CPU
		{5222746D-BA58-4BAB-83F8-28321450784B}.Release|Any CPU.Build.0 = Release|Any CPU
		{3AB60DFE-E604-4276-B422-D6C570B26E01}.Debug|Any CPU.ActiveCfg = Debug|Any CPU
		{3AB60DFE-E604-4276-B422-D6C570B26E01}.Debug|Any CPU.Build.0 = Debug|Any CPU
		{3AB60DFE-E604-4276-B422-D6C570B26E01}.Release|Any CPU.ActiveCfg = Release|Any CPU
		{3AB60DFE-E604-4276-B422-D6C570B26E01}.Release|Any CPU.Build.0 = Release|Any CPU
	EndGlobalSection
	GlobalSection(SolutionProperties) = preSolution
		HideSolutionNode = FALSE
	EndGlobalSection
	GlobalSection(ExtensibilityGlobals) = postSolution
		SolutionGuid = {DF6F2C19-8D14-4D7B-9A8F-C3F2B2E5AABC}
	EndGlobalSection
EndGlobal
