
Microsoft Visual Studio Solution File, Format Version 12.00
# Visual Studio 15
VisualStudioVersion = 15.0.28010.2046
MinimumVisualStudioVersion = 10.0.40219.1
Project("{9A19103F-16F7-4668-BE54-9A1E7A4F7556}") = "Okta.Sdk.Abstractions", "Okta.Sdk.Abstractions\Okta.Sdk.Abstractions.csproj", "{55BBE5EC-6D9A-4B4E-888A-424DDAEFE4AA}"
EndProject
Project("{9A19103F-16F7-4668-BE54-9A1E7A4F7556}") = "Okta.Sdk.Abstractions.UnitTests", "Okta.Sdk.Abstractions.UnitTests\Okta.Sdk.Abstractions.UnitTests.csproj", "{5222746D-BA58-4BAB-83F8-28321450784B}"
EndProject
Project("{9A19103F-16F7-4668-BE54-9A1E7A4F7556}") = "Okta.Auth.Sdk.UnitTests", "Okta.Auth.Sdk.UnitTests\Okta.Auth.Sdk.UnitTests.csproj", "{69F3D20F-5C23-481A-9185-59CA51D7C91C}"
EndProject
Project("{9A19103F-16F7-4668-BE54-9A1E7A4F7556}") = "Okta.Auth.Sdk.IntegrationTests", "Okta.Auth.Sdk.IntegrationTests\Okta.Auth.Sdk.IntegrationTests.csproj", "{780E8F5A-0E85-4D2A-9AAA-19CD16FC86B8}"
EndProject
Project("{9A19103F-16F7-4668-BE54-9A1E7A4F7556}") = "Okta.Auth.Sdk", "Okta.Auth.Sdk\Okta.Auth.Sdk.csproj", "{C13343AA-549D-4D49-AC2F-239700469102}"
EndProject
Global
	GlobalSection(SolutionConfigurationPlatforms) = preSolution
		Debug|Any CPU = Debug|Any CPU
		Release|Any CPU = Release|Any CPU
	EndGlobalSection
	GlobalSection(ProjectConfigurationPlatforms) = postSolution
		{55BBE5EC-6D9A-4B4E-888A-424DDAEFE4AA}.Debug|Any CPU.ActiveCfg = Debug|Any CPU
		{55BBE5EC-6D9A-4B4E-888A-424DDAEFE4AA}.Debug|Any CPU.Build.0 = Debug|Any CPU
		{55BBE5EC-6D9A-4B4E-888A-424DDAEFE4AA}.Release|Any CPU.ActiveCfg = Release|Any CPU
		{55BBE5EC-6D9A-4B4E-888A-424DDAEFE4AA}.Release|Any CPU.Build.0 = Release|Any CPU
		{5222746D-BA58-4BAB-83F8-28321450784B}.Debug|Any CPU.ActiveCfg = Debug|Any CPU
		{5222746D-BA58-4BAB-83F8-28321450784B}.Debug|Any CPU.Build.0 = Debug|Any CPU
		{5222746D-BA58-4BAB-83F8-28321450784B}.Release|Any CPU.ActiveCfg = Release|Any CPU
		{5222746D-BA58-4BAB-83F8-28321450784B}.Release|Any CPU.Build.0 = Release|Any CPU
		{69F3D20F-5C23-481A-9185-59CA51D7C91C}.Debug|Any CPU.ActiveCfg = Debug|Any CPU
		{69F3D20F-5C23-481A-9185-59CA51D7C91C}.Debug|Any CPU.Build.0 = Debug|Any CPU
		{69F3D20F-5C23-481A-9185-59CA51D7C91C}.Release|Any CPU.ActiveCfg = Release|Any CPU
		{69F3D20F-5C23-481A-9185-59CA51D7C91C}.Release|Any CPU.Build.0 = Release|Any CPU
		{780E8F5A-0E85-4D2A-9AAA-19CD16FC86B8}.Debug|Any CPU.ActiveCfg = Debug|Any CPU
		{780E8F5A-0E85-4D2A-9AAA-19CD16FC86B8}.Debug|Any CPU.Build.0 = Debug|Any CPU
		{780E8F5A-0E85-4D2A-9AAA-19CD16FC86B8}.Release|Any CPU.ActiveCfg = Release|Any CPU
		{780E8F5A-0E85-4D2A-9AAA-19CD16FC86B8}.Release|Any CPU.Build.0 = Release|Any CPU
		{C13343AA-549D-4D49-AC2F-239700469102}.Debug|Any CPU.ActiveCfg = Debug|Any CPU
		{C13343AA-549D-4D49-AC2F-239700469102}.Debug|Any CPU.Build.0 = Debug|Any CPU
		{C13343AA-549D-4D49-AC2F-239700469102}.Release|Any CPU.ActiveCfg = Release|Any CPU
		{C13343AA-549D-4D49-AC2F-239700469102}.Release|Any CPU.Build.0 = Release|Any CPU
	EndGlobalSection
	GlobalSection(SolutionProperties) = preSolution
		HideSolutionNode = FALSE
	EndGlobalSection
	GlobalSection(ExtensibilityGlobals) = postSolution
		SolutionGuid = {DF6F2C19-8D14-4D7B-9A8F-C3F2B2E5AABC}
	EndGlobalSection
EndGlobal
